
Microsoft Visual Studio Solution File, Format Version 12.00
# Visual Studio 2012
Project("{FAE04EC0-301F-11D3-BF4B-00C04F79EFBC}") = "Chiisana", "Chiisana\Chiisana.csproj", "{FA1ADEDF-0B15-4485-B7F9-7EEC2188D2E0}"
EndProject
Project("{FAE04EC0-301F-11D3-BF4B-00C04F79EFBC}") = "Chiisana.Hosting.Self", "Chiisana.Hosting.Self\Chiisana.Hosting.Self.csproj", "{6294E4EE-1C91-4896-8D7F-C5D0AF3FC821}"
EndProject
Project("{2150E333-8FDC-42A3-9474-1A3956D46DE8}") = "Solution Items", "Solution Items", "{3221D63B-637A-428A-82C3-9EC82DA5BC33}"
	ProjectSection(SolutionItems) = preProject
		Chiisana.txt = Chiisana.txt
	EndProjectSection
EndProject
Project("{FAE04EC0-301F-11D3-BF4B-00C04F79EFBC}") = "Reidai", "Reidai\Reidai.csproj", "{92C07F8C-D656-485F-B095-EDCF2A9928E3}"
EndProject
Project("{FAE04EC0-301F-11D3-BF4B-00C04F79EFBC}") = "Chiisana.WebSocket", "Chiisana.WebSocket\Chiisana.WebSocket.csproj", "{8DE8836C-2894-4417-BABD-355AB3BED773}"
EndProject
Project("{FAE04EC0-301F-11D3-BF4B-00C04F79EFBC}") = "Chiisana.Middleware.Module", "Chiisana.Middleware.Module\Chiisana.Middleware.Module.csproj", "{4795A7EE-00A1-415D-9663-54145F739FB6}"
EndProject
Project("{FAE04EC0-301F-11D3-BF4B-00C04F79EFBC}") = "Chiisana.Middleware", "Chiisana.Middleware\Chiisana.Middleware.csproj", "{3BAAEC16-4089-4B4C-99A2-0F21DAEE997E}"
EndProject
Global
	GlobalSection(SolutionConfigurationPlatforms) = preSolution
		Debug|Any CPU = Debug|Any CPU
		Release|Any CPU = Release|Any CPU
	EndGlobalSection
	GlobalSection(ProjectConfigurationPlatforms) = postSolution
		{FA1ADEDF-0B15-4485-B7F9-7EEC2188D2E0}.Debug|Any CPU.ActiveCfg = Debug|Any CPU
		{FA1ADEDF-0B15-4485-B7F9-7EEC2188D2E0}.Debug|Any CPU.Build.0 = Debug|Any CPU
		{FA1ADEDF-0B15-4485-B7F9-7EEC2188D2E0}.Release|Any CPU.ActiveCfg = Release|Any CPU
		{FA1ADEDF-0B15-4485-B7F9-7EEC2188D2E0}.Release|Any CPU.Build.0 = Release|Any CPU
		{6294E4EE-1C91-4896-8D7F-C5D0AF3FC821}.Debug|Any CPU.ActiveCfg = Debug|Any CPU
		{6294E4EE-1C91-4896-8D7F-C5D0AF3FC821}.Debug|Any CPU.Build.0 = Debug|Any CPU
		{6294E4EE-1C91-4896-8D7F-C5D0AF3FC821}.Release|Any CPU.ActiveCfg = Release|Any CPU
		{6294E4EE-1C91-4896-8D7F-C5D0AF3FC821}.Release|Any CPU.Build.0 = Release|Any CPU
		{92C07F8C-D656-485F-B095-EDCF2A9928E3}.Debug|Any CPU.ActiveCfg = Debug|Any CPU
		{92C07F8C-D656-485F-B095-EDCF2A9928E3}.Debug|Any CPU.Build.0 = Debug|Any CPU
		{92C07F8C-D656-485F-B095-EDCF2A9928E3}.Release|Any CPU.ActiveCfg = Release|Any CPU
		{92C07F8C-D656-485F-B095-EDCF2A9928E3}.Release|Any CPU.Build.0 = Release|Any CPU
		{8DE8836C-2894-4417-BABD-355AB3BED773}.Debug|Any CPU.ActiveCfg = Debug|Any CPU
		{8DE8836C-2894-4417-BABD-355AB3BED773}.Debug|Any CPU.Build.0 = Debug|Any CPU
		{8DE8836C-2894-4417-BABD-355AB3BED773}.Release|Any CPU.ActiveCfg = Release|Any CPU
		{8DE8836C-2894-4417-BABD-355AB3BED773}.Release|Any CPU.Build.0 = Release|Any CPU
		{4795A7EE-00A1-415D-9663-54145F739FB6}.Debug|Any CPU.ActiveCfg = Debug|Any CPU
		{4795A7EE-00A1-415D-9663-54145F739FB6}.Debug|Any CPU.Build.0 = Debug|Any CPU
		{4795A7EE-00A1-415D-9663-54145F739FB6}.Release|Any CPU.ActiveCfg = Release|Any CPU
		{4795A7EE-00A1-415D-9663-54145F739FB6}.Release|Any CPU.Build.0 = Release|Any CPU
		{3BAAEC16-4089-4B4C-99A2-0F21DAEE997E}.Debug|Any CPU.ActiveCfg = Debug|Any CPU
		{3BAAEC16-4089-4B4C-99A2-0F21DAEE997E}.Debug|Any CPU.Build.0 = Debug|Any CPU
		{3BAAEC16-4089-4B4C-99A2-0F21DAEE997E}.Release|Any CPU.ActiveCfg = Release|Any CPU
		{3BAAEC16-4089-4B4C-99A2-0F21DAEE997E}.Release|Any CPU.Build.0 = Release|Any CPU
	EndGlobalSection
	GlobalSection(SolutionProperties) = preSolution
		HideSolutionNode = FALSE
	EndGlobalSection
EndGlobal
